// !$*UTF8*$!
{
	archiveVersion = 1;
	classes = {
	};
	objectVersion = 56;
	objects = {

/* Begin PBXBuildFile section */
		93220DB329C41270009F22C9 /* MyDoomApp.swift in Sources */ = {isa = PBXBuildFile; fileRef = 93220DB229C41270009F22C9 /* MyDoomApp.swift */; };
		93220DB529C41270009F22C9 /* ContentView.swift in Sources */ = {isa = PBXBuildFile; fileRef = 93220DB429C41270009F22C9 /* ContentView.swift */; };
		93220DB729C41271009F22C9 /* Assets.xcassets in Resources */ = {isa = PBXBuildFile; fileRef = 93220DB629C41271009F22C9 /* Assets.xcassets */; };
		93220DBB29C41271009F22C9 /* Preview Assets.xcassets in Resources */ = {isa = PBXBuildFile; fileRef = 93220DBA29C41271009F22C9 /* Preview Assets.xcassets */; };
		93220DC529C41271009F22C9 /* MyDoomTests.swift in Sources */ = {isa = PBXBuildFile; fileRef = 93220DC429C41271009F22C9 /* MyDoomTests.swift */; };
		93220DCF29C41271009F22C9 /* MyDoomUITests.swift in Sources */ = {isa = PBXBuildFile; fileRef = 93220DCE29C41271009F22C9 /* MyDoomUITests.swift */; };
		93220DD129C41271009F22C9 /* MyDoomUITestsLaunchTests.swift in Sources */ = {isa = PBXBuildFile; fileRef = 93220DD029C41271009F22C9 /* MyDoomUITestsLaunchTests.swift */; };
/* End PBXBuildFile section */

/* Begin PBXContainerItemProxy section */
		93220DC129C41271009F22C9 /* PBXContainerItemProxy */ = {
			isa = PBXContainerItemProxy;
			containerPortal = 93220DA729C41270009F22C9 /* Project object */;
			proxyType = 1;
			remoteGlobalIDString = 93220DAE29C41270009F22C9;
			remoteInfo = MyDoom;
		};
		93220DCB29C41271009F22C9 /* PBXContainerItemProxy */ = {
			isa = PBXContainerItemProxy;
			containerPortal = 93220DA729C41270009F22C9 /* Project object */;
			proxyType = 1;
			remoteGlobalIDString = 93220DAE29C41270009F22C9;
			remoteInfo = MyDoom;
		};
/* End PBXContainerItemProxy section */

/* Begin PBXFileReference section */
		93220DAF29C41270009F22C9 /* MyDoom.app */ = {isa = PBXFileReference; explicitFileType = wrapper.application; includeInIndex = 0; path = MyDoom.app; sourceTree = BUILT_PRODUCTS_DIR; };
		93220DB229C41270009F22C9 /* MyDoomApp.swift */ = {isa = PBXFileReference; lastKnownFileType = sourcecode.swift; path = MyDoomApp.swift; sourceTree = "<group>"; };
		93220DB429C41270009F22C9 /* ContentView.swift */ = {isa = PBXFileReference; lastKnownFileType = sourcecode.swift; path = ContentView.swift; sourceTree = "<group>"; };
		93220DB629C41271009F22C9 /* Assets.xcassets */ = {isa = PBXFileReference; lastKnownFileType = folder.assetcatalog; path = Assets.xcassets; sourceTree = "<group>"; };
		93220DB829C41271009F22C9 /* MyDoom.entitlements */ = {isa = PBXFileReference; lastKnownFileType = text.plist.entitlements; path = MyDoom.entitlements; sourceTree = "<group>"; };
		93220DBA29C41271009F22C9 /* Preview Assets.xcassets */ = {isa = PBXFileReference; lastKnownFileType = folder.assetcatalog; path = "Preview Assets.xcassets"; sourceTree = "<group>"; };
		93220DC029C41271009F22C9 /* MyDoomTests.xctest */ = {isa = PBXFileReference; explicitFileType = wrapper.cfbundle; includeInIndex = 0; path = MyDoomTests.xctest; sourceTree = BUILT_PRODUCTS_DIR; };
		93220DC429C41271009F22C9 /* MyDoomTests.swift */ = {isa = PBXFileReference; lastKnownFileType = sourcecode.swift; path = MyDoomTests.swift; sourceTree = "<group>"; };
		93220DCA29C41271009F22C9 /* MyDoomUITests.xctest */ = {isa = PBXFileReference; explicitFileType = wrapper.cfbundle; includeInIndex = 0; path = MyDoomUITests.xctest; sourceTree = BUILT_PRODUCTS_DIR; };
		93220DCE29C41271009F22C9 /* MyDoomUITests.swift */ = {isa = PBXFileReference; lastKnownFileType = sourcecode.swift; path = MyDoomUITests.swift; sourceTree = "<group>"; };
		93220DD029C41271009F22C9 /* MyDoomUITestsLaunchTests.swift */ = {isa = PBXFileReference; lastKnownFileType = sourcecode.swift; path = MyDoomUITestsLaunchTests.swift; sourceTree = "<group>"; };
/* End PBXFileReference section */

/* Begin PBXFrameworksBuildPhase section */
		93220DAC29C41270009F22C9 /* Frameworks */ = {
			isa = PBXFrameworksBuildPhase;
			buildActionMask = 2147483647;
			files = (
			);
			runOnlyForDeploymentPostprocessing = 0;
		};
		93220DBD29C41271009F22C9 /* Frameworks */ = {
			isa = PBXFrameworksBuildPhase;
			buildActionMask = 2147483647;
			files = (
			);
			runOnlyForDeploymentPostprocessing = 0;
		};
		93220DC729C41271009F22C9 /* Frameworks */ = {
			isa = PBXFrameworksBuildPhase;
			buildActionMask = 2147483647;
			files = (
			);
			runOnlyForDeploymentPostprocessing = 0;
		};
/* End PBXFrameworksBuildPhase section */

/* Begin PBXGroup section */
		93220DA629C41270009F22C9 = {
			isa = PBXGroup;
			children = (
				93220DB129C41270009F22C9 /* MyDoom */,
				93220DC329C41271009F22C9 /* MyDoomTests */,
				93220DCD29C41271009F22C9 /* MyDoomUITests */,
				93220DB029C41270009F22C9 /* Products */,
			);
			sourceTree = "<group>";
		};
		93220DB029C41270009F22C9 /* Products */ = {
			isa = PBXGroup;
			children = (
				93220DAF29C41270009F22C9 /* MyDoom.app */,
				93220DC029C41271009F22C9 /* MyDoomTests.xctest */,
				93220DCA29C41271009F22C9 /* MyDoomUITests.xctest */,
			);
			name = Products;
			sourceTree = "<group>";
		};
		93220DB129C41270009F22C9 /* MyDoom */ = {
			isa = PBXGroup;
			children = (
				93220DB229C41270009F22C9 /* MyDoomApp.swift */,
				93220DB429C41270009F22C9 /* ContentView.swift */,
				93220DB629C41271009F22C9 /* Assets.xcassets */,
				93220DB829C41271009F22C9 /* MyDoom.entitlements */,
				93220DB929C41271009F22C9 /* Preview Content */,
			);
			path = MyDoom;
			sourceTree = "<group>";
		};
		93220DB929C41271009F22C9 /* Preview Content */ = {
			isa = PBXGroup;
			children = (
				93220DBA29C41271009F22C9 /* Preview Assets.xcassets */,
			);
			path = "Preview Content";
			sourceTree = "<group>";
		};
		93220DC329C41271009F22C9 /* MyDoomTests */ = {
			isa = PBXGroup;
			children = (
				93220DC429C41271009F22C9 /* MyDoomTests.swift */,
			);
			path = MyDoomTests;
			sourceTree = "<group>";
		};
		93220DCD29C41271009F22C9 /* MyDoomUITests */ = {
			isa = PBXGroup;
			children = (
				93220DCE29C41271009F22C9 /* MyDoomUITests.swift */,
				93220DD029C41271009F22C9 /* MyDoomUITestsLaunchTests.swift */,
			);
			path = MyDoomUITests;
			sourceTree = "<group>";
		};
/* End PBXGroup section */

/* Begin PBXNativeTarget section */
		93220DAE29C41270009F22C9 /* MyDoom */ = {
			isa = PBXNativeTarget;
			buildConfigurationList = 93220DD429C41271009F22C9 /* Build configuration list for PBXNativeTarget "MyDoom" */;
			buildPhases = (
				93220DAB29C41270009F22C9 /* Sources */,
				93220DAC29C41270009F22C9 /* Frameworks */,
				93220DAD29C41270009F22C9 /* Resources */,
			);
			buildRules = (
			);
			dependencies = (
			);
			name = MyDoom;
			productName = MyDoom;
			productReference = 93220DAF29C41270009F22C9 /* MyDoom.app */;
			productType = "com.apple.product-type.application";
		};
		93220DBF29C41271009F22C9 /* MyDoomTests */ = {
			isa = PBXNativeTarget;
			buildConfigurationList = 93220DD729C41271009F22C9 /* Build configuration list for PBXNativeTarget "MyDoomTests" */;
			buildPhases = (
				93220DBC29C41271009F22C9 /* Sources */,
				93220DBD29C41271009F22C9 /* Frameworks */,
				93220DBE29C41271009F22C9 /* Resources */,
			);
			buildRules = (
			);
			dependencies = (
				93220DC229C41271009F22C9 /* PBXTargetDependency */,
			);
			name = MyDoomTests;
			productName = MyDoomTests;
			productReference = 93220DC029C41271009F22C9 /* MyDoomTests.xctest */;
			productType = "com.apple.product-type.bundle.unit-test";
		};
		93220DC929C41271009F22C9 /* MyDoomUITests */ = {
			isa = PBXNativeTarget;
			buildConfigurationList = 93220DDA29C41271009F22C9 /* Build configuration list for PBXNativeTarget "MyDoomUITests" */;
			buildPhases = (
				93220DC629C41271009F22C9 /* Sources */,
				93220DC729C41271009F22C9 /* Frameworks */,
				93220DC829C41271009F22C9 /* Resources */,
			);
			buildRules = (
			);
			dependencies = (
				93220DCC29C41271009F22C9 /* PBXTargetDependency */,
			);
			name = MyDoomUITests;
			productName = MyDoomUITests;
			productReference = 93220DCA29C41271009F22C9 /* MyDoomUITests.xctest */;
			productType = "com.apple.product-type.bundle.ui-testing";
		};
/* End PBXNativeTarget section */

/* Begin PBXProject section */
		93220DA729C41270009F22C9 /* Project object */ = {
			isa = PBXProject;
			attributes = {
				BuildIndependentTargetsInParallel = 1;
				LastSwiftUpdateCheck = 1420;
				LastUpgradeCheck = 1420;
				TargetAttributes = {
					93220DAE29C41270009F22C9 = {
						CreatedOnToolsVersion = 14.2;
					};
					93220DBF29C41271009F22C9 = {
						CreatedOnToolsVersion = 14.2;
						TestTargetID = 93220DAE29C41270009F22C9;
					};
					93220DC929C41271009F22C9 = {
						CreatedOnToolsVersion = 14.2;
						TestTargetID = 93220DAE29C41270009F22C9;
					};
				};
			};
			buildConfigurationList = 93220DAA29C41270009F22C9 /* Build configuration list for PBXProject "MyDoom" */;
			compatibilityVersion = "Xcode 14.0";
			developmentRegion = en;
			hasScannedForEncodings = 0;
			knownRegions = (
				en,
				Base,
			);
			mainGroup = 93220DA629C41270009F22C9;
			productRefGroup = 93220DB029C41270009F22C9 /* Products */;
			projectDirPath = "";
			projectRoot = "";
			targets = (
				93220DAE29C41270009F22C9 /* MyDoom */,
				93220DBF29C41271009F22C9 /* MyDoomTests */,
				93220DC929C41271009F22C9 /* MyDoomUITests */,
			);
		};
/* End PBXProject section */

/* Begin PBXResourcesBuildPhase section */
		93220DAD29C41270009F22C9 /* Resources */ = {
			isa = PBXResourcesBuildPhase;
			buildActionMask = 2147483647;
			files = (
				93220DBB29C41271009F22C9 /* Preview Assets.xcassets in Resources */,
				93220DB729C41271009F22C9 /* Assets.xcassets in Resources */,
			);
			runOnlyForDeploymentPostprocessing = 0;
		};
		93220DBE29C41271009F22C9 /* Resources */ = {
			isa = PBXResourcesBuildPhase;
			buildActionMask = 2147483647;
			files = (
			);
			runOnlyForDeploymentPostprocessing = 0;
		};
		93220DC829C41271009F22C9 /* Resources */ = {
			isa = PBXResourcesBuildPhase;
			buildActionMask = 2147483647;
			files = (
			);
			runOnlyForDeploymentPostprocessing = 0;
		};
/* End PBXResourcesBuildPhase section */

/* Begin PBXSourcesBuildPhase section */
		93220DAB29C41270009F22C9 /* Sources */ = {
			isa = PBXSourcesBuildPhase;
			buildActionMask = 2147483647;
			files = (
				93220DB529C41270009F22C9 /* ContentView.swift in Sources */,
				93220DB329C41270009F22C9 /* MyDoomApp.swift in Sources */,
			);
			runOnlyForDeploymentPostprocessing = 0;
		};
		93220DBC29C41271009F22C9 /* Sources */ = {
			isa = PBXSourcesBuildPhase;
			buildActionMask = 2147483647;
			files = (
				93220DC529C41271009F22C9 /* MyDoomTests.swift in Sources */,
			);
			runOnlyForDeploymentPostprocessing = 0;
		};
		93220DC629C41271009F22C9 /* Sources */ = {
			isa = PBXSourcesBuildPhase;
			buildActionMask = 2147483647;
			files = (
				93220DCF29C41271009F22C9 /* MyDoomUITests.swift in Sources */,
				93220DD129C41271009F22C9 /* MyDoomUITestsLaunchTests.swift in Sources */,
			);
			runOnlyForDeploymentPostprocessing = 0;
		};
/* End PBXSourcesBuildPhase section */

/* Begin PBXTargetDependency section */
		93220DC229C41271009F22C9 /* PBXTargetDependency */ = {
			isa = PBXTargetDependency;
			target = 93220DAE29C41270009F22C9 /* MyDoom */;
			targetProxy = 93220DC129C41271009F22C9 /* PBXContainerItemProxy */;
		};
		93220DCC29C41271009F22C9 /* PBXTargetDependency */ = {
			isa = PBXTargetDependency;
			target = 93220DAE29C41270009F22C9 /* MyDoom */;
			targetProxy = 93220DCB29C41271009F22C9 /* PBXContainerItemProxy */;
		};
/* End PBXTargetDependency section */

/* Begin XCBuildConfiguration section */
		93220DD229C41271009F22C9 /* Debug */ = {
			isa = XCBuildConfiguration;
			buildSettings = {
				ALWAYS_SEARCH_USER_PATHS = NO;
				CLANG_ANALYZER_NONNULL = YES;
				CLANG_ANALYZER_NUMBER_OBJECT_CONVERSION = YES_AGGRESSIVE;
				CLANG_CXX_LANGUAGE_STANDARD = "gnu++20";
				CLANG_ENABLE_MODULES = YES;
				CLANG_ENABLE_OBJC_ARC = YES;
				CLANG_ENABLE_OBJC_WEAK = YES;
				CLANG_WARN_BLOCK_CAPTURE_AUTORELEASING = YES;
				CLANG_WARN_BOOL_CONVERSION = YES;
				CLANG_WARN_COMMA = YES;
				CLANG_WARN_CONSTANT_CONVERSION = YES;
				CLANG_WARN_DEPRECATED_OBJC_IMPLEMENTATIONS = YES;
				CLANG_WARN_DIRECT_OBJC_ISA_USAGE = YES_ERROR;
				CLANG_WARN_DOCUMENTATION_COMMENTS = YES;
				CLANG_WARN_EMPTY_BODY = YES;
				CLANG_WARN_ENUM_CONVERSION = YES;
				CLANG_WARN_INFINITE_RECURSION = YES;
				CLANG_WARN_INT_CONVERSION = YES;
				CLANG_WARN_NON_LITERAL_NULL_CONVERSION = YES;
				CLANG_WARN_OBJC_IMPLICIT_RETAIN_SELF = YES;
				CLANG_WARN_OBJC_LITERAL_CONVERSION = YES;
				CLANG_WARN_OBJC_ROOT_CLASS = YES_ERROR;
				CLANG_WARN_QUOTED_INCLUDE_IN_FRAMEWORK_HEADER = YES;
				CLANG_WARN_RANGE_LOOP_ANALYSIS = YES;
				CLANG_WARN_STRICT_PROTOTYPES = YES;
				CLANG_WARN_SUSPICIOUS_MOVE = YES;
				CLANG_WARN_UNGUARDED_AVAILABILITY = YES_AGGRESSIVE;
				CLANG_WARN_UNREACHABLE_CODE = YES;
				CLANG_WARN__DUPLICATE_METHOD_MATCH = YES;
				COPY_PHASE_STRIP = NO;
				DEBUG_INFORMATION_FORMAT = dwarf;
				ENABLE_STRICT_OBJC_MSGSEND = YES;
				ENABLE_TESTABILITY = YES;
				GCC_C_LANGUAGE_STANDARD = gnu11;
				GCC_DYNAMIC_NO_PIC = NO;
				GCC_NO_COMMON_BLOCKS = YES;
				GCC_OPTIMIZATION_LEVEL = 0;
				GCC_PREPROCESSOR_DEFINITIONS = (
					"DEBUG=1",
					"$(inherited)",
				);
				GCC_WARN_64_TO_32_BIT_CONVERSION = YES;
				GCC_WARN_ABOUT_RETURN_TYPE = YES_ERROR;
				GCC_WARN_UNDECLARED_SELECTOR = YES;
				GCC_WARN_UNINITIALIZED_AUTOS = YES_AGGRESSIVE;
				GCC_WARN_UNUSED_FUNCTION = YES;
				GCC_WARN_UNUSED_VARIABLE = YES;
				MTL_ENABLE_DEBUG_INFO = INCLUDE_SOURCE;
				MTL_FAST_MATH = YES;
				ONLY_ACTIVE_ARCH = YES;
				SWIFT_ACTIVE_COMPILATION_CONDITIONS = DEBUG;
				SWIFT_OPTIMIZATION_LEVEL = "-Onone";
			};
			name = Debug;
		};
		93220DD329C41271009F22C9 /* Release */ = {
			isa = XCBuildConfiguration;
			buildSettings = {
				ALWAYS_SEARCH_USER_PATHS = NO;
				CLANG_ANALYZER_NONNULL = YES;
				CLANG_ANALYZER_NUMBER_OBJECT_CONVERSION = YES_AGGRESSIVE;
				CLANG_CXX_LANGUAGE_STANDARD = "gnu++20";
				CLANG_ENABLE_MODULES = YES;
				CLANG_ENABLE_OBJC_ARC = YES;
				CLANG_ENABLE_OBJC_WEAK = YES;
				CLANG_WARN_BLOCK_CAPTURE_AUTORELEASING = YES;
				CLANG_WARN_BOOL_CONVERSION = YES;
				CLANG_WARN_COMMA = YES;
				CLANG_WARN_CONSTANT_CONVERSION = YES;
				CLANG_WARN_DEPRECATED_OBJC_IMPLEMENTATIONS = YES;
				CLANG_WARN_DIRECT_OBJC_ISA_USAGE = YES_ERROR;
				CLANG_WARN_DOCUMENTATION_COMMENTS = YES;
				CLANG_WARN_EMPTY_BODY = YES;
				CLANG_WARN_ENUM_CONVERSION = YES;
				CLANG_WARN_INFINITE_RECURSION = YES;
				CLANG_WARN_INT_CONVERSION = YES;
				CLANG_WARN_NON_LITERAL_NULL_CONVERSION = YES;
				CLANG_WARN_OBJC_IMPLICIT_RETAIN_SELF = YES;
				CLANG_WARN_OBJC_LITERAL_CONVERSION = YES;
				CLANG_WARN_OBJC_ROOT_CLASS = YES_ERROR;
				CLANG_WARN_QUOTED_INCLUDE_IN_FRAMEWORK_HEADER = YES;
				CLANG_WARN_RANGE_LOOP_ANALYSIS = YES;
				CLANG_WARN_STRICT_PROTOTYPES = YES;
				CLANG_WARN_SUSPICIOUS_MOVE = YES;
				CLANG_WARN_UNGUARDED_AVAILABILITY = YES_AGGRESSIVE;
				CLANG_WARN_UNREACHABLE_CODE = YES;
				CLANG_WARN__DUPLICATE_METHOD_MATCH = YES;
				COPY_PHASE_STRIP = NO;
				DEBUG_INFORMATION_FORMAT = "dwarf-with-dsym";
				ENABLE_NS_ASSERTIONS = NO;
				ENABLE_STRICT_OBJC_MSGSEND = YES;
				GCC_C_LANGUAGE_STANDARD = gnu11;
				GCC_NO_COMMON_BLOCKS = YES;
				GCC_WARN_64_TO_32_BIT_CONVERSION = YES;
				GCC_WARN_ABOUT_RETURN_TYPE = YES_ERROR;
				GCC_WARN_UNDECLARED_SELECTOR = YES;
				GCC_WARN_UNINITIALIZED_AUTOS = YES_AGGRESSIVE;
				GCC_WARN_UNUSED_FUNCTION = YES;
				GCC_WARN_UNUSED_VARIABLE = YES;
				MTL_ENABLE_DEBUG_INFO = NO;
				MTL_FAST_MATH = YES;
				SWIFT_COMPILATION_MODE = wholemodule;
				SWIFT_OPTIMIZATION_LEVEL = "-O";
			};
			name = Release;
		};
		93220DD529C41271009F22C9 /* Debug */ = {
			isa = XCBuildConfiguration;
			buildSettings = {
				ASSETCATALOG_COMPILER_APPICON_NAME = AppIcon;
				ASSETCATALOG_COMPILER_GLOBAL_ACCENT_COLOR_NAME = AccentColor;
				CODE_SIGN_ENTITLEMENTS = MyDoom/MyDoom.entitlements;
				CODE_SIGN_STYLE = Automatic;
				CURRENT_PROJECT_VERSION = 1;
				DEVELOPMENT_ASSET_PATHS = "\"MyDoom/Preview Content\"";
				DEVELOPMENT_TEAM = V2VL3Q3756;
				ENABLE_HARDENED_RUNTIME = YES;
				ENABLE_PREVIEWS = YES;
				GENERATE_INFOPLIST_FILE = YES;
				"INFOPLIST_KEY_UIApplicationSceneManifest_Generation[sdk=iphoneos*]" = YES;
				"INFOPLIST_KEY_UIApplicationSceneManifest_Generation[sdk=iphonesimulator*]" = YES;
				"INFOPLIST_KEY_UIApplicationSupportsIndirectInputEvents[sdk=iphoneos*]" = YES;
				"INFOPLIST_KEY_UIApplicationSupportsIndirectInputEvents[sdk=iphonesimulator*]" = YES;
				"INFOPLIST_KEY_UILaunchScreen_Generation[sdk=iphoneos*]" = YES;
				"INFOPLIST_KEY_UILaunchScreen_Generation[sdk=iphonesimulator*]" = YES;
				"INFOPLIST_KEY_UIStatusBarStyle[sdk=iphoneos*]" = UIStatusBarStyleDefault;
				"INFOPLIST_KEY_UIStatusBarStyle[sdk=iphonesimulator*]" = UIStatusBarStyleDefault;
				INFOPLIST_KEY_UISupportedInterfaceOrientations_iPad = "UIInterfaceOrientationPortrait UIInterfaceOrientationPortraitUpsideDown UIInterfaceOrientationLandscapeLeft UIInterfaceOrientationLandscapeRight";
				INFOPLIST_KEY_UISupportedInterfaceOrientations_iPhone = "UIInterfaceOrientationPortrait UIInterfaceOrientationLandscapeLeft UIInterfaceOrientationLandscapeRight";
				IPHONEOS_DEPLOYMENT_TARGET = 16.2;
				LD_RUNPATH_SEARCH_PATHS = "@executable_path/Frameworks";
				"LD_RUNPATH_SEARCH_PATHS[sdk=macosx*]" = "@executable_path/../Frameworks";
				MACOSX_DEPLOYMENT_TARGET = 13.1;
				MARKETING_VERSION = 1.0;
				PRODUCT_BUNDLE_IDENTIFIER = au.com.bonham.MyDoom;
				PRODUCT_NAME = "$(TARGET_NAME)";
				SDKROOT = auto;
				SUPPORTED_PLATFORMS = "iphoneos iphonesimulator macosx";
				SWIFT_EMIT_LOC_STRINGS = YES;
				SWIFT_VERSION = 5.0;
				TARGETED_DEVICE_FAMILY = "1,2";
			};
			name = Debug;
		};
		93220DD629C41271009F22C9 /* Release */ = {
			isa = XCBuildConfiguration;
			buildSettings = {
				ASSETCATALOG_COMPILER_APPICON_NAME = AppIcon;
				ASSETCATALOG_COMPILER_GLOBAL_ACCENT_COLOR_NAME = AccentColor;
				CODE_SIGN_ENTITLEMENTS = MyDoom/MyDoom.entitlements;
				CODE_SIGN_STYLE = Automatic;
				CURRENT_PROJECT_VERSION = 1;
				DEVELOPMENT_ASSET_PATHS = "\"MyDoom/Preview Content\"";
				DEVELOPMENT_TEAM = V2VL3Q3756;
				ENABLE_HARDENED_RUNTIME = YES;
				ENABLE_PREVIEWS = YES;
				GENERATE_INFOPLIST_FILE = YES;
				"INFOPLIST_KEY_UIApplicationSceneManifest_Generation[sdk=iphoneos*]" = YES;
				"INFOPLIST_KEY_UIApplicationSceneManifest_Generation[sdk=iphonesimulator*]" = YES;
				"INFOPLIST_KEY_UIApplicationSupportsIndirectInputEvents[sdk=iphoneos*]" = YES;
				"INFOPLIST_KEY_UIApplicationSupportsIndirectInputEvents[sdk=iphonesimulator*]" = YES;
				"INFOPLIST_KEY_UILaunchScreen_Generation[sdk=iphoneos*]" = YES;
				"INFOPLIST_KEY_UILaunchScreen_Generation[sdk=iphonesimulator*]" = YES;
				"INFOPLIST_KEY_UIStatusBarStyle[sdk=iphoneos*]" = UIStatusBarStyleDefault;
				"INFOPLIST_KEY_UIStatusBarStyle[sdk=iphonesimulator*]" = UIStatusBarStyleDefault;
				INFOPLIST_KEY_UISupportedInterfaceOrientations_iPad = "UIInterfaceOrientationPortrait UIInterfaceOrientationPortraitUpsideDown UIInterfaceOrientationLandscapeLeft UIInterfaceOrientationLandscapeRight";
				INFOPLIST_KEY_UISupportedInterfaceOrientations_iPhone = "UIInterfaceOrientationPortrait UIInterfaceOrientationLandscapeLeft UIInterfaceOrientationLandscapeRight";
				IPHONEOS_DEPLOYMENT_TARGET = 16.2;
				LD_RUNPATH_SEARCH_PATHS = "@executable_path/Frameworks";
				"LD_RUNPATH_SEARCH_PATHS[sdk=macosx*]" = "@executable_path/../Frameworks";
				MACOSX_DEPLOYMENT_TARGET = 13.1;
				MARKETING_VERSION = 1.0;
				PRODUCT_BUNDLE_IDENTIFIER = au.com.bonham.MyDoom;
				PRODUCT_NAME = "$(TARGET_NAME)";
				SDKROOT = auto;
				SUPPORTED_PLATFORMS = "iphoneos iphonesimulator macosx";
				SWIFT_EMIT_LOC_STRINGS = YES;
				SWIFT_VERSION = 5.0;
				TARGETED_DEVICE_FAMILY = "1,2";
			};
			name = Release;
		};
		93220DD829C41271009F22C9 /* Debug */ = {
			isa = XCBuildConfiguration;
			buildSettings = {
				ALWAYS_EMBED_SWIFT_STANDARD_LIBRARIES = YES;
				BUNDLE_LOADER = "$(TEST_HOST)";
				CODE_SIGN_STYLE = Automatic;
				CURRENT_PROJECT_VERSION = 1;
				DEVELOPMENT_TEAM = V2VL3Q3756;
				GENERATE_INFOPLIST_FILE = YES;
				IPHONEOS_DEPLOYMENT_TARGET = 16.2;
				MACOSX_DEPLOYMENT_TARGET = 13.1;
				MARKETING_VERSION = 1.0;
				PRODUCT_BUNDLE_IDENTIFIER = au.com.bonham.MyDoomTests;
				PRODUCT_NAME = "$(TARGET_NAME)";
				SDKROOT = auto;
				SUPPORTED_PLATFORMS = "iphoneos iphonesimulator macosx";
				SWIFT_EMIT_LOC_STRINGS = NO;
				SWIFT_VERSION = 5.0;
				TARGETED_DEVICE_FAMILY = "1,2";
				TEST_HOST = "$(BUILT_PRODUCTS_DIR)/MyDoom.app/$(BUNDLE_EXECUTABLE_FOLDER_PATH)/MyDoom";
			};
			name = Debug;
		};
		93220DD929C41271009F22C9 /* Release */ = {
			isa = XCBuildConfiguration;
			buildSettings = {
				ALWAYS_EMBED_SWIFT_STANDARD_LIBRARIES = YES;
				BUNDLE_LOADER = "$(TEST_HOST)";
				CODE_SIGN_STYLE = Automatic;
				CURRENT_PROJECT_VERSION = 1;
				DEVELOPMENT_TEAM = V2VL3Q3756;
				GENERATE_INFOPLIST_FILE = YES;
				IPHONEOS_DEPLOYMENT_TARGET = 16.2;
				MACOSX_DEPLOYMENT_TARGET = 13.1;
				MARKETING_VERSION = 1.0;
				PRODUCT_BUNDLE_IDENTIFIER = au.com.bonham.MyDoomTests;
				PRODUCT_NAME = "$(TARGET_NAME)";
				SDKROOT = auto;
				SUPPORTED_PLATFORMS = "iphoneos iphonesimulator macosx";
				SWIFT_EMIT_LOC_STRINGS = NO;
				SWIFT_VERSION = 5.0;
				TARGETED_DEVICE_FAMILY = "1,2";
				TEST_HOST = "$(BUILT_PRODUCTS_DIR)/MyDoom.app/$(BUNDLE_EXECUTABLE_FOLDER_PATH)/MyDoom";
			};
			name = Release;
		};
		93220DDB29C41271009F22C9 /* Debug */ = {
			isa = XCBuildConfiguration;
			buildSettings = {
				ALWAYS_EMBED_SWIFT_STANDARD_LIBRARIES = YES;
				CODE_SIGN_STYLE = Automatic;
				CURRENT_PROJECT_VERSION = 1;
				DEVELOPMENT_TEAM = V2VL3Q3756;
				GENERATE_INFOPLIST_FILE = YES;
				IPHONEOS_DEPLOYMENT_TARGET = 16.2;
				MACOSX_DEPLOYMENT_TARGET = 13.1;
				MARKETING_VERSION = 1.0;
				PRODUCT_BUNDLE_IDENTIFIER = au.com.bonham.MyDoomUITests;
				PRODUCT_NAME = "$(TARGET_NAME)";
				SDKROOT = auto;
				SUPPORTED_PLATFORMS = "iphoneos iphonesimulator macosx";
				SWIFT_EMIT_LOC_STRINGS = NO;
				SWIFT_VERSION = 5.0;
				TARGETED_DEVICE_FAMILY = "1,2";
				TEST_TARGET_NAME = MyDoom;
			};
			name = Debug;
		};
		93220DDC29C41271009F22C9 /* Release */ = {
			isa = XCBuildConfiguration;
			buildSettings = {
				ALWAYS_EMBED_SWIFT_STANDARD_LIBRARIES = YES;
				CODE_SIGN_STYLE = Automatic;
				CURRENT_PROJECT_VERSION = 1;
				DEVELOPMENT_TEAM = V2VL3Q3756;
				GENERATE_INFOPLIST_FILE = YES;
				IPHONEOS_DEPLOYMENT_TARGET = 16.2;
				MACOSX_DEPLOYMENT_TARGET = 13.1;
				MARKETING_VERSION = 1.0;
				PRODUCT_BUNDLE_IDENTIFIER = au.com.bonham.MyDoomUITests;
				PRODUCT_NAME = "$(TARGET_NAME)";
				SDKROOT = auto;
				SUPPORTED_PLATFORMS = "iphoneos iphonesimulator macosx";
				SWIFT_EMIT_LOC_STRINGS = NO;
				SWIFT_VERSION = 5.0;
				TARGETED_DEVICE_FAMILY = "1,2";
				TEST_TARGET_NAME = MyDoom;
			};
			name = Release;
		};
/* End XCBuildConfiguration section */

/* Begin XCConfigurationList section */
		93220DAA29C41270009F22C9 /* Build configuration list for PBXProject "MyDoom" */ = {
			isa = XCConfigurationList;
			buildConfigurations = (
				93220DD229C41271009F22C9 /* Debug */,
				93220DD329C41271009F22C9 /* Release */,
			);
			defaultConfigurationIsVisible = 0;
			defaultConfigurationName = Release;
		};
		93220DD429C41271009F22C9 /* Build configuration list for PBXNativeTarget "MyDoom" */ = {
			isa = XCConfigurationList;
			buildConfigurations = (
				93220DD529C41271009F22C9 /* Debug */,
				93220DD629C41271009F22C9 /* Release */,
			);
			defaultConfigurationIsVisible = 0;
			defaultConfigurationName = Release;
		};
		93220DD729C41271009F22C9 /* Build configuration list for PBXNativeTarget "MyDoomTests" */ = {
			isa = XCConfigurationList;
			buildConfigurations = (
				93220DD829C41271009F22C9 /* Debug */,
				93220DD929C41271009F22C9 /* Release */,
			);
			defaultConfigurationIsVisible = 0;
			defaultConfigurationName = Release;
		};
		93220DDA29C41271009F22C9 /* Build configuration list for PBXNativeTarget "MyDoomUITests" */ = {
			isa = XCConfigurationList;
			buildConfigurations = (
				93220DDB29C41271009F22C9 /* Debug */,
				93220DDC29C41271009F22C9 /* Release */,
			);
			defaultConfigurationIsVisible = 0;
			defaultConfigurationName = Release;
		};
/* End XCConfigurationList section */
	};
	rootObject = 93220DA729C41270009F22C9 /* Project object */;
}
